
Microsoft Visual Studio Solution File, Format Version 10.00
# Visual Studio 2008
Project("{FAE04EC0-301F-11D3-BF4B-00C04F79EFBC}") = "CallControl", "CallControl\CallControl.csproj", "{AAA48084-2687-4207-AF36-605E1D9B694E}"
EndProject
Project("{FAE04EC0-301F-11D3-BF4B-00C04F79EFBC}") = "CallControl_Exam1", "WindowsFormsApplication1\CallControl_Exam1.csproj", "{E21AFC0C-5A99-47D9-8D6C-B2CCB56DCF6E}"
EndProject
Global
	GlobalSection(SolutionConfigurationPlatforms) = preSolution
		Debug|Any CPU = Debug|Any CPU
		Release|Any CPU = Release|Any CPU
	EndGlobalSection
	GlobalSection(ProjectConfigurationPlatforms) = postSolution
		{AAA48084-2687-4207-AF36-605E1D9B694E}.Debug|Any CPU.ActiveCfg = Debug|Any CPU
		{AAA48084-2687-4207-AF36-605E1D9B694E}.Debug|Any CPU.Build.0 = Debug|Any CPU
		{AAA48084-2687-4207-AF36-605E1D9B694E}.Release|Any CPU.ActiveCfg = Release|Any CPU
		{AAA48084-2687-4207-AF36-605E1D9B694E}.Release|Any CPU.Build.0 = Release|Any CPU
		{E21AFC0C-5A99-47D9-8D6C-B2CCB56DCF6E}.Debug|Any CPU.ActiveCfg = Debug|Any CPU
		{E21AFC0C-5A99-47D9-8D6C-B2CCB56DCF6E}.Debug|Any CPU.Build.0 = Debug|Any CPU
		{E21AFC0C-5A99-47D9-8D6C-B2CCB56DCF6E}.Release|Any CPU.ActiveCfg = Release|Any CPU
		{E21AFC0C-5A99-47D9-8D6C-B2CCB56DCF6E}.Release|Any CPU.Build.0 = Release|Any CPU
	EndGlobalSection
	GlobalSection(SolutionProperties) = preSolution
		HideSolutionNode = FALSE
	EndGlobalSection
EndGlobal
